
Microsoft Visual Studio Solution File, Format Version 12.00
# Visual Studio Version 17
VisualStudioVersion = 17.3.32804.467
MinimumVisualStudioVersion = 10.0.40219.1
Project("{FAE04EC0-301F-11D3-BF4B-00C04F79EFBC}") = "MvcNote", "MvcNote.csproj", "{31E8B76E-CF15-4711-9CD6-D7707CF5ADDF}"
EndProject
Global
	GlobalSection(SolutionConfigurationPlatforms) = preSolution
		Debug|Any CPU = Debug|Any CPU
		Release|Any CPU = Release|Any CPU
	EndGlobalSection
	GlobalSection(ProjectConfigurationPlatforms) = postSolution
		{31E8B76E-CF15-4711-9CD6-D7707CF5ADDF}.Debug|Any CPU.ActiveCfg = Debug|Any CPU
		{31E8B76E-CF15-4711-9CD6-D7707CF5ADDF}.Debug|Any CPU.Build.0 = Debug|Any CPU
		{31E8B76E-CF15-4711-9CD6-D7707CF5ADDF}.Release|Any CPU.ActiveCfg = Release|Any CPU
		{31E8B76E-CF15-4711-9CD6-D7707CF5ADDF}.Release|Any CPU.Build.0 = Release|Any CPU
	EndGlobalSection
	GlobalSection(SolutionProperties) = preSolution
		HideSolutionNode = FALSE
	EndGlobalSection
	GlobalSection(ExtensibilityGlobals) = postSolution
		SolutionGuid = {F193D938-B601-4C38-A0B0-EF8C85466D82}
	EndGlobalSection
EndGlobal
